// !$*UTF8*$!
{
	archiveVersion = 1;
	classes = {
	};
	objectVersion = 46;
	objects = {

/* Begin PBXBuildFile section */
		2AAEC0CB8FC02F7CF6507707 /* Pods_ASCollectionView.framework in Frameworks */ = {isa = PBXBuildFile; fileRef = 9F81D671A4974CE546B66BE1 /* Pods_ASCollectionView.framework */; };
		A450CB901C8302D900679DAF /* ASCollectionView.swift in Sources */ = {isa = PBXBuildFile; fileRef = A450CB8F1C8302D900679DAF /* ASCollectionView.swift */; };
		A450CB941C830FE000679DAF /* ASCollectionViewParallaxCell.swift in Sources */ = {isa = PBXBuildFile; fileRef = A450CB931C830FE000679DAF /* ASCollectionViewParallaxCell.swift */; };
		A453F7651C8205EE00A799E0 /* AppDelegate.swift in Sources */ = {isa = PBXBuildFile; fileRef = A453F7641C8205EE00A799E0 /* AppDelegate.swift */; };
		A453F76A1C8205EE00A799E0 /* Main.storyboard in Resources */ = {isa = PBXBuildFile; fileRef = A453F7681C8205EE00A799E0 /* Main.storyboard */; };
		A453F76C1C8205EE00A799E0 /* Assets.xcassets in Resources */ = {isa = PBXBuildFile; fileRef = A453F76B1C8205EE00A799E0 /* Assets.xcassets */; };
		A453F76F1C8205EE00A799E0 /* LaunchScreen.storyboard in Resources */ = {isa = PBXBuildFile; fileRef = A453F76D1C8205EE00A799E0 /* LaunchScreen.storyboard */; };
		A453F77A1C8205EE00A799E0 /* ASCollectionViewTests.swift in Sources */ = {isa = PBXBuildFile; fileRef = A453F7791C8205EE00A799E0 /* ASCollectionViewTests.swift */; };
		A453F7941C82065F00A799E0 /* ASCollectionViewLayout.swift in Sources */ = {isa = PBXBuildFile; fileRef = A453F7931C82065F00A799E0 /* ASCollectionViewLayout.swift */; };
		A47511B71D291B3700AED8CE /* ViewController.swift in Sources */ = {isa = PBXBuildFile; fileRef = A47511B61D291B3700AED8CE /* ViewController.swift */; };
		A47511B91D2920E500AED8CE /* Header.xib in Resources */ = {isa = PBXBuildFile; fileRef = A47511B81D2920E500AED8CE /* Header.xib */; };
		A47531041D4E1D790045D5A3 /* ASCollectionViewLayoutTests.swift in Sources */ = {isa = PBXBuildFile; fileRef = A47531031D4E1D790045D5A3 /* ASCollectionViewLayoutTests.swift */; };
		A47531061D4E2AE90045D5A3 /* ASCollectionViewParallaxCellTests.swift in Sources */ = {isa = PBXBuildFile; fileRef = A47531051D4E2AE90045D5A3 /* ASCollectionViewParallaxCellTests.swift */; };
		A4C3A8101DF4AB0400FC4273 /* ASCollectionViewFramework.h in Headers */ = {isa = PBXBuildFile; fileRef = A4C3A80E1DF4AB0400FC4273 /* ASCollectionViewFramework.h */; settings = {ATTRIBUTES = (Public, ); }; };
		A4C3A8131DF4AB0400FC4273 /* ASCollectionViewFramework.framework in Frameworks */ = {isa = PBXBuildFile; fileRef = A4C3A80C1DF4AB0300FC4273 /* ASCollectionViewFramework.framework */; };
		A4C3A8141DF4AB0400FC4273 /* ASCollectionViewFramework.framework in Embed Frameworks */ = {isa = PBXBuildFile; fileRef = A4C3A80C1DF4AB0300FC4273 /* ASCollectionViewFramework.framework */; settings = {ATTRIBUTES = (CodeSignOnCopy, RemoveHeadersOnCopy, ); }; };
		A4C3A8191DF4AB2700FC4273 /* ASCollectionViewLayout.swift in Sources */ = {isa = PBXBuildFile; fileRef = A453F7931C82065F00A799E0 /* ASCollectionViewLayout.swift */; };
		A4C3A81A1DF4AB2700FC4273 /* ASCollectionViewParallaxCell.swift in Sources */ = {isa = PBXBuildFile; fileRef = A450CB931C830FE000679DAF /* ASCollectionViewParallaxCell.swift */; };
		A4C3A81B1DF4AB2700FC4273 /* ASCollectionView.swift in Sources */ = {isa = PBXBuildFile; fileRef = A450CB8F1C8302D900679DAF /* ASCollectionView.swift */; };
		E6C6CB8DC9F13A52E57D5715 /* Pods_ASCollectionViewTests.framework in Frameworks */ = {isa = PBXBuildFile; fileRef = DC440ED0A0B14E69AF3C95F8 /* Pods_ASCollectionViewTests.framework */; };
/* End PBXBuildFile section */

/* Begin PBXContainerItemProxy section */
		A453F7761C8205EE00A799E0 /* PBXContainerItemProxy */ = {
			isa = PBXContainerItemProxy;
			containerPortal = A453F7591C8205EE00A799E0 /* Project object */;
			proxyType = 1;
			remoteGlobalIDString = A453F7601C8205EE00A799E0;
			remoteInfo = ASCollectionView;
		};
		A4C3A8111DF4AB0400FC4273 /* PBXContainerItemProxy */ = {
			isa = PBXContainerItemProxy;
			containerPortal = A453F7591C8205EE00A799E0 /* Project object */;
			proxyType = 1;
			remoteGlobalIDString = A4C3A80B1DF4AB0300FC4273;
			remoteInfo = ASCollectionViewFramework;
		};
/* End PBXContainerItemProxy section */

/* Begin PBXCopyFilesBuildPhase section */
		A4C3A8181DF4AB0400FC4273 /* Embed Frameworks */ = {
			isa = PBXCopyFilesBuildPhase;
			buildActionMask = 2147483647;
			dstPath = "";
			dstSubfolderSpec = 10;
			files = (
				A4C3A8141DF4AB0400FC4273 /* ASCollectionViewFramework.framework in Embed Frameworks */,
			);
			name = "Embed Frameworks";
			runOnlyForDeploymentPostprocessing = 0;
		};
/* End PBXCopyFilesBuildPhase section */

/* Begin PBXFileReference section */
		208A05D1797AC4309A83C830 /* Pods-ASCollectionViewTests.debug.xcconfig */ = {isa = PBXFileReference; includeInIndex = 1; lastKnownFileType = text.xcconfig; name = "Pods-ASCollectionViewTests.debug.xcconfig"; path = "Pods/Target Support Files/Pods-ASCollectionViewTests/Pods-ASCollectionViewTests.debug.xcconfig"; sourceTree = "<group>"; };
		527DAE94F049834E79D61069 /* Pods-ASCollectionViewTests.release.xcconfig */ = {isa = PBXFileReference; includeInIndex = 1; lastKnownFileType = text.xcconfig; name = "Pods-ASCollectionViewTests.release.xcconfig"; path = "Pods/Target Support Files/Pods-ASCollectionViewTests/Pods-ASCollectionViewTests.release.xcconfig"; sourceTree = "<group>"; };
		7A153B7653C9253B26575EAB /* Pods-ASCollectionView.debug.xcconfig */ = {isa = PBXFileReference; includeInIndex = 1; lastKnownFileType = text.xcconfig; name = "Pods-ASCollectionView.debug.xcconfig"; path = "Pods/Target Support Files/Pods-ASCollectionView/Pods-ASCollectionView.debug.xcconfig"; sourceTree = "<group>"; };
		9F81D671A4974CE546B66BE1 /* Pods_ASCollectionView.framework */ = {isa = PBXFileReference; explicitFileType = wrapper.framework; includeInIndex = 0; path = Pods_ASCollectionView.framework; sourceTree = BUILT_PRODUCTS_DIR; };
		A450CB8F1C8302D900679DAF /* ASCollectionView.swift */ = {isa = PBXFileReference; fileEncoding = 4; lastKnownFileType = sourcecode.swift; name = ASCollectionView.swift; path = Source/ASCollectionView.swift; sourceTree = "<group>"; };
		A450CB931C830FE000679DAF /* ASCollectionViewParallaxCell.swift */ = {isa = PBXFileReference; fileEncoding = 4; lastKnownFileType = sourcecode.swift; name = ASCollectionViewParallaxCell.swift; path = Source/ASCollectionViewParallaxCell.swift; sourceTree = "<group>"; };
		A453F7611C8205EE00A799E0 /* ASCollectionView.app */ = {isa = PBXFileReference; explicitFileType = wrapper.application; includeInIndex = 0; path = ASCollectionView.app; sourceTree = BUILT_PRODUCTS_DIR; };
		A453F7641C8205EE00A799E0 /* AppDelegate.swift */ = {isa = PBXFileReference; lastKnownFileType = sourcecode.swift; path = AppDelegate.swift; sourceTree = "<group>"; };
		A453F7691C8205EE00A799E0 /* Base */ = {isa = PBXFileReference; lastKnownFileType = file.storyboard; name = Base; path = Base.lproj/Main.storyboard; sourceTree = "<group>"; };
		A453F76B1C8205EE00A799E0 /* Assets.xcassets */ = {isa = PBXFileReference; lastKnownFileType = folder.assetcatalog; path = Assets.xcassets; sourceTree = "<group>"; };
		A453F76E1C8205EE00A799E0 /* Base */ = {isa = PBXFileReference; lastKnownFileType = file.storyboard; name = Base; path = Base.lproj/LaunchScreen.storyboard; sourceTree = "<group>"; };
		A453F7701C8205EE00A799E0 /* Info.plist */ = {isa = PBXFileReference; lastKnownFileType = text.plist.xml; path = Info.plist; sourceTree = "<group>"; };
		A453F7751C8205EE00A799E0 /* ASCollectionViewTests.xctest */ = {isa = PBXFileReference; explicitFileType = wrapper.cfbundle; includeInIndex = 0; path = ASCollectionViewTests.xctest; sourceTree = BUILT_PRODUCTS_DIR; };
		A453F7791C8205EE00A799E0 /* ASCollectionViewTests.swift */ = {isa = PBXFileReference; lastKnownFileType = sourcecode.swift; path = ASCollectionViewTests.swift; sourceTree = "<group>"; };
		A453F77B1C8205EE00A799E0 /* Info.plist */ = {isa = PBXFileReference; lastKnownFileType = text.plist.xml; path = Info.plist; sourceTree = "<group>"; };
		A453F7931C82065F00A799E0 /* ASCollectionViewLayout.swift */ = {isa = PBXFileReference; fileEncoding = 4; lastKnownFileType = sourcecode.swift; name = ASCollectionViewLayout.swift; path = Source/ASCollectionViewLayout.swift; sourceTree = "<group>"; };
		A47511B61D291B3700AED8CE /* ViewController.swift */ = {isa = PBXFileReference; fileEncoding = 4; lastKnownFileType = sourcecode.swift; name = ViewController.swift; path = Demo/ViewController.swift; sourceTree = "<group>"; };
		A47511B81D2920E500AED8CE /* Header.xib */ = {isa = PBXFileReference; fileEncoding = 4; lastKnownFileType = file.xib; name = Header.xib; path = Demo/Header.xib; sourceTree = "<group>"; };
		A47531031D4E1D790045D5A3 /* ASCollectionViewLayoutTests.swift */ = {isa = PBXFileReference; fileEncoding = 4; lastKnownFileType = sourcecode.swift; path = ASCollectionViewLayoutTests.swift; sourceTree = "<group>"; };
		A47531051D4E2AE90045D5A3 /* ASCollectionViewParallaxCellTests.swift */ = {isa = PBXFileReference; fileEncoding = 4; lastKnownFileType = sourcecode.swift; path = ASCollectionViewParallaxCellTests.swift; sourceTree = "<group>"; };
		A4C3A80C1DF4AB0300FC4273 /* ASCollectionViewFramework.framework */ = {isa = PBXFileReference; explicitFileType = wrapper.framework; includeInIndex = 0; path = ASCollectionViewFramework.framework; sourceTree = BUILT_PRODUCTS_DIR; };
		A4C3A80E1DF4AB0400FC4273 /* ASCollectionViewFramework.h */ = {isa = PBXFileReference; lastKnownFileType = sourcecode.c.h; path = ASCollectionViewFramework.h; sourceTree = "<group>"; };
		A4C3A80F1DF4AB0400FC4273 /* Info.plist */ = {isa = PBXFileReference; lastKnownFileType = text.plist.xml; path = Info.plist; sourceTree = "<group>"; };
		BB1299B1B59881E6E14D0C05 /* Pods-ASCollectionView.release.xcconfig */ = {isa = PBXFileReference; includeInIndex = 1; lastKnownFileType = text.xcconfig; name = "Pods-ASCollectionView.release.xcconfig"; path = "Pods/Target Support Files/Pods-ASCollectionView/Pods-ASCollectionView.release.xcconfig"; sourceTree = "<group>"; };
		DC440ED0A0B14E69AF3C95F8 /* Pods_ASCollectionViewTests.framework */ = {isa = PBXFileReference; explicitFileType = wrapper.framework; includeInIndex = 0; path = Pods_ASCollectionViewTests.framework; sourceTree = BUILT_PRODUCTS_DIR; };
/* End PBXFileReference section */

/* Begin PBXFrameworksBuildPhase section */
		A453F75E1C8205EE00A799E0 /* Frameworks */ = {
			isa = PBXFrameworksBuildPhase;
			buildActionMask = 2147483647;
			files = (
				A4C3A8131DF4AB0400FC4273 /* ASCollectionViewFramework.framework in Frameworks */,
				2AAEC0CB8FC02F7CF6507707 /* Pods_ASCollectionView.framework in Frameworks */,
			);
			runOnlyForDeploymentPostprocessing = 0;
		};
		A453F7721C8205EE00A799E0 /* Frameworks */ = {
			isa = PBXFrameworksBuildPhase;
			buildActionMask = 2147483647;
			files = (
				E6C6CB8DC9F13A52E57D5715 /* Pods_ASCollectionViewTests.framework in Frameworks */,
			);
			runOnlyForDeploymentPostprocessing = 0;
		};
		A4C3A8081DF4AB0300FC4273 /* Frameworks */ = {
			isa = PBXFrameworksBuildPhase;
			buildActionMask = 2147483647;
			files = (
			);
			runOnlyForDeploymentPostprocessing = 0;
		};
/* End PBXFrameworksBuildPhase section */

/* Begin PBXGroup section */
		7EAA79AF74D55B9171535657 /* Pods */ = {
			isa = PBXGroup;
			children = (
				7A153B7653C9253B26575EAB /* Pods-ASCollectionView.debug.xcconfig */,
				BB1299B1B59881E6E14D0C05 /* Pods-ASCollectionView.release.xcconfig */,
				208A05D1797AC4309A83C830 /* Pods-ASCollectionViewTests.debug.xcconfig */,
				527DAE94F049834E79D61069 /* Pods-ASCollectionViewTests.release.xcconfig */,
			);
			name = Pods;
			sourceTree = "<group>";
		};
		A453F7581C8205EE00A799E0 = {
			isa = PBXGroup;
			children = (
				A453F7631C8205EE00A799E0 /* ASCollectionView */,
				A453F7781C8205EE00A799E0 /* ASCollectionViewTests */,
				A4C3A80D1DF4AB0400FC4273 /* ASCollectionViewFramework */,
				A453F7621C8205EE00A799E0 /* Products */,
				7EAA79AF74D55B9171535657 /* Pods */,
				EB68004BB0326F28BD4958D2 /* Frameworks */,
			);
			sourceTree = "<group>";
		};
		A453F7621C8205EE00A799E0 /* Products */ = {
			isa = PBXGroup;
			children = (
				A453F7611C8205EE00A799E0 /* ASCollectionView.app */,
				A453F7751C8205EE00A799E0 /* ASCollectionViewTests.xctest */,
				A4C3A80C1DF4AB0300FC4273 /* ASCollectionViewFramework.framework */,
			);
			name = Products;
			sourceTree = "<group>";
		};
		A453F7631C8205EE00A799E0 /* ASCollectionView */ = {
			isa = PBXGroup;
			children = (
				A453F7921C82063200A799E0 /* Source */,
				A47511B51D291B2800AED8CE /* Demo */,
				A453F7641C8205EE00A799E0 /* AppDelegate.swift */,
				A453F7681C8205EE00A799E0 /* Main.storyboard */,
				A453F76B1C8205EE00A799E0 /* Assets.xcassets */,
				A453F76D1C8205EE00A799E0 /* LaunchScreen.storyboard */,
				A453F7701C8205EE00A799E0 /* Info.plist */,
			);
			path = ASCollectionView;
			sourceTree = "<group>";
		};
		A453F7781C8205EE00A799E0 /* ASCollectionViewTests */ = {
			isa = PBXGroup;
			children = (
				A453F7791C8205EE00A799E0 /* ASCollectionViewTests.swift */,
				A47531031D4E1D790045D5A3 /* ASCollectionViewLayoutTests.swift */,
				A47531051D4E2AE90045D5A3 /* ASCollectionViewParallaxCellTests.swift */,
				A453F77B1C8205EE00A799E0 /* Info.plist */,
			);
			path = ASCollectionViewTests;
			sourceTree = "<group>";
		};
		A453F7921C82063200A799E0 /* Source */ = {
			isa = PBXGroup;
			children = (
				A453F7931C82065F00A799E0 /* ASCollectionViewLayout.swift */,
				A450CB931C830FE000679DAF /* ASCollectionViewParallaxCell.swift */,
				A450CB8F1C8302D900679DAF /* ASCollectionView.swift */,
			);
			name = Source;
			sourceTree = "<group>";
		};
		A47511B51D291B2800AED8CE /* Demo */ = {
			isa = PBXGroup;
			children = (
				A47511B81D2920E500AED8CE /* Header.xib */,
				A47511B61D291B3700AED8CE /* ViewController.swift */,
			);
			name = Demo;
			sourceTree = "<group>";
		};
		A4C3A80D1DF4AB0400FC4273 /* ASCollectionViewFramework */ = {
			isa = PBXGroup;
			children = (
				A4C3A80E1DF4AB0400FC4273 /* ASCollectionViewFramework.h */,
				A4C3A80F1DF4AB0400FC4273 /* Info.plist */,
			);
			path = ASCollectionViewFramework;
			sourceTree = "<group>";
		};
		EB68004BB0326F28BD4958D2 /* Frameworks */ = {
			isa = PBXGroup;
			children = (
				9F81D671A4974CE546B66BE1 /* Pods_ASCollectionView.framework */,
				DC440ED0A0B14E69AF3C95F8 /* Pods_ASCollectionViewTests.framework */,
			);
			name = Frameworks;
			sourceTree = "<group>";
		};
/* End PBXGroup section */

/* Begin PBXHeadersBuildPhase section */
		A4C3A8091DF4AB0300FC4273 /* Headers */ = {
			isa = PBXHeadersBuildPhase;
			buildActionMask = 2147483647;
			files = (
				A4C3A8101DF4AB0400FC4273 /* ASCollectionViewFramework.h in Headers */,
			);
			runOnlyForDeploymentPostprocessing = 0;
		};
/* End PBXHeadersBuildPhase section */

/* Begin PBXNativeTarget section */
		A453F7601C8205EE00A799E0 /* ASCollectionView */ = {
			isa = PBXNativeTarget;
			buildConfigurationList = A453F7891C8205EE00A799E0 /* Build configuration list for PBXNativeTarget "ASCollectionView" */;
			buildPhases = (
				D21DAEBF4982788846ECD3FE /* [CP] Check Pods Manifest.lock */,
				A453F75D1C8205EE00A799E0 /* Sources */,
				A453F75E1C8205EE00A799E0 /* Frameworks */,
				A453F75F1C8205EE00A799E0 /* Resources */,
				8D234A66502D2667F1AFC5B7 /* [CP] Embed Pods Frameworks */,
				CA37BC24B4630F5FC95A94E4 /* [CP] Copy Pods Resources */,
				A4C3A8181DF4AB0400FC4273 /* Embed Frameworks */,
			);
			buildRules = (
			);
			dependencies = (
				A4C3A8121DF4AB0400FC4273 /* PBXTargetDependency */,
			);
			name = ASCollectionView;
			productName = ASCollectionView;
			productReference = A453F7611C8205EE00A799E0 /* ASCollectionView.app */;
			productType = "com.apple.product-type.application";
		};
		A453F7741C8205EE00A799E0 /* ASCollectionViewTests */ = {
			isa = PBXNativeTarget;
			buildConfigurationList = A453F78C1C8205EE00A799E0 /* Build configuration list for PBXNativeTarget "ASCollectionViewTests" */;
			buildPhases = (
				D1184CA21AF086A2201092A0 /* [CP] Check Pods Manifest.lock */,
				A453F7711C8205EE00A799E0 /* Sources */,
				A453F7721C8205EE00A799E0 /* Frameworks */,
				A453F7731C8205EE00A799E0 /* Resources */,
				017E474A34DA9775AF81828A /* [CP] Embed Pods Frameworks */,
				D26D41D8CA657EF8E51D4DD0 /* [CP] Copy Pods Resources */,
			);
			buildRules = (
			);
			dependencies = (
				A453F7771C8205EE00A799E0 /* PBXTargetDependency */,
			);
			name = ASCollectionViewTests;
			productName = ASCollectionViewTests;
			productReference = A453F7751C8205EE00A799E0 /* ASCollectionViewTests.xctest */;
			productType = "com.apple.product-type.bundle.unit-test";
		};
		A4C3A80B1DF4AB0300FC4273 /* ASCollectionViewFramework */ = {
			isa = PBXNativeTarget;
			buildConfigurationList = A4C3A8171DF4AB0400FC4273 /* Build configuration list for PBXNativeTarget "ASCollectionViewFramework" */;
			buildPhases = (
				A4C3A8071DF4AB0300FC4273 /* Sources */,
				A4C3A8081DF4AB0300FC4273 /* Frameworks */,
				A4C3A8091DF4AB0300FC4273 /* Headers */,
				A4C3A80A1DF4AB0300FC4273 /* Resources */,
			);
			buildRules = (
			);
			dependencies = (
			);
			name = ASCollectionViewFramework;
			productName = ASCollectionViewFramework;
			productReference = A4C3A80C1DF4AB0300FC4273 /* ASCollectionViewFramework.framework */;
			productType = "com.apple.product-type.framework";
		};
/* End PBXNativeTarget section */

/* Begin PBXProject section */
		A453F7591C8205EE00A799E0 /* Project object */ = {
			isa = PBXProject;
			attributes = {
				LastSwiftUpdateCheck = 0720;
				LastUpgradeCheck = 0800;
				ORGANIZATIONNAME = "Abdullah Selek";
				TargetAttributes = {
					A453F7601C8205EE00A799E0 = {
						CreatedOnToolsVersion = 7.2.1;
						LastSwiftMigration = 0800;
					};
					A453F7741C8205EE00A799E0 = {
						CreatedOnToolsVersion = 7.2.1;
						LastSwiftMigration = 0800;
						TestTargetID = A453F7601C8205EE00A799E0;
					};
					A4C3A80B1DF4AB0300FC4273 = {
						CreatedOnToolsVersion = 8.1;
						ProvisioningStyle = Automatic;
					};
				};
			};
			buildConfigurationList = A453F75C1C8205EE00A799E0 /* Build configuration list for PBXProject "ASCollectionView" */;
			compatibilityVersion = "Xcode 3.2";
			developmentRegion = English;
			hasScannedForEncodings = 0;
			knownRegions = (
				en,
				Base,
			);
			mainGroup = A453F7581C8205EE00A799E0;
			productRefGroup = A453F7621C8205EE00A799E0 /* Products */;
			projectDirPath = "";
			projectRoot = "";
			targets = (
				A453F7601C8205EE00A799E0 /* ASCollectionView */,
				A453F7741C8205EE00A799E0 /* ASCollectionViewTests */,
				A4C3A80B1DF4AB0300FC4273 /* ASCollectionViewFramework */,
			);
		};
/* End PBXProject section */

/* Begin PBXResourcesBuildPhase section */
		A453F75F1C8205EE00A799E0 /* Resources */ = {
			isa = PBXResourcesBuildPhase;
			buildActionMask = 2147483647;
			files = (
				A47511B91D2920E500AED8CE /* Header.xib in Resources */,
				A453F76F1C8205EE00A799E0 /* LaunchScreen.storyboard in Resources */,
				A453F76C1C8205EE00A799E0 /* Assets.xcassets in Resources */,
				A453F76A1C8205EE00A799E0 /* Main.storyboard in Resources */,
			);
			runOnlyForDeploymentPostprocessing = 0;
		};
		A453F7731C8205EE00A799E0 /* Resources */ = {
			isa = PBXResourcesBuildPhase;
			buildActionMask = 2147483647;
			files = (
			);
			runOnlyForDeploymentPostprocessing = 0;
		};
		A4C3A80A1DF4AB0300FC4273 /* Resources */ = {
			isa = PBXResourcesBuildPhase;
			buildActionMask = 2147483647;
			files = (
			);
			runOnlyForDeploymentPostprocessing = 0;
		};
/* End PBXResourcesBuildPhase section */

/* Begin PBXShellScriptBuildPhase section */
		017E474A34DA9775AF81828A /* [CP] Embed Pods Frameworks */ = {
			isa = PBXShellScriptBuildPhase;
			buildActionMask = 2147483647;
			files = (
			);
			inputPaths = (
			);
			name = "[CP] Embed Pods Frameworks";
			outputPaths = (
			);
			runOnlyForDeploymentPostprocessing = 0;
			shellPath = /bin/sh;
			shellScript = "\"${SRCROOT}/Pods/Target Support Files/Pods-ASCollectionViewTests/Pods-ASCollectionViewTests-frameworks.sh\"\n";
			showEnvVarsInLog = 0;
		};
		8D234A66502D2667F1AFC5B7 /* [CP] Embed Pods Frameworks */ = {
			isa = PBXShellScriptBuildPhase;
			buildActionMask = 2147483647;
			files = (
			);
			inputPaths = (
			);
			name = "[CP] Embed Pods Frameworks";
			outputPaths = (
			);
			runOnlyForDeploymentPostprocessing = 0;
			shellPath = /bin/sh;
			shellScript = "\"${SRCROOT}/Pods/Target Support Files/Pods-ASCollectionView/Pods-ASCollectionView-frameworks.sh\"\n";
			showEnvVarsInLog = 0;
		};
		CA37BC24B4630F5FC95A94E4 /* [CP] Copy Pods Resources */ = {
			isa = PBXShellScriptBuildPhase;
			buildActionMask = 2147483647;
			files = (
			);
			inputPaths = (
			);
			name = "[CP] Copy Pods Resources";
			outputPaths = (
			);
			runOnlyForDeploymentPostprocessing = 0;
			shellPath = /bin/sh;
			shellScript = "\"${SRCROOT}/Pods/Target Support Files/Pods-ASCollectionView/Pods-ASCollectionView-resources.sh\"\n";
			showEnvVarsInLog = 0;
		};
		D1184CA21AF086A2201092A0 /* [CP] Check Pods Manifest.lock */ = {
			isa = PBXShellScriptBuildPhase;
			buildActionMask = 2147483647;
			files = (
			);
			inputPaths = (
			);
			name = "[CP] Check Pods Manifest.lock";
			outputPaths = (
			);
			runOnlyForDeploymentPostprocessing = 0;
			shellPath = /bin/sh;
			shellScript = "diff \"${PODS_ROOT}/../Podfile.lock\" \"${PODS_ROOT}/Manifest.lock\" > /dev/null\nif [ $? != 0 ] ; then\n    # print error to STDERR\n    echo \"error: The sandbox is not in sync with the Podfile.lock. Run 'pod install' or update your CocoaPods installation.\" >&2\n    exit 1\nfi\n";
			showEnvVarsInLog = 0;
		};
		D21DAEBF4982788846ECD3FE /* [CP] Check Pods Manifest.lock */ = {
			isa = PBXShellScriptBuildPhase;
			buildActionMask = 2147483647;
			files = (
			);
			inputPaths = (
			);
			name = "[CP] Check Pods Manifest.lock";
			outputPaths = (
			);
			runOnlyForDeploymentPostprocessing = 0;
			shellPath = /bin/sh;
			shellScript = "diff \"${PODS_ROOT}/../Podfile.lock\" \"${PODS_ROOT}/Manifest.lock\" > /dev/null\nif [ $? != 0 ] ; then\n    # print error to STDERR\n    echo \"error: The sandbox is not in sync with the Podfile.lock. Run 'pod install' or update your CocoaPods installation.\" >&2\n    exit 1\nfi\n";
			showEnvVarsInLog = 0;
		};
		D26D41D8CA657EF8E51D4DD0 /* [CP] Copy Pods Resources */ = {
			isa = PBXShellScriptBuildPhase;
			buildActionMask = 2147483647;
			files = (
			);
			inputPaths = (
			);
			name = "[CP] Copy Pods Resources";
			outputPaths = (
			);
			runOnlyForDeploymentPostprocessing = 0;
			shellPath = /bin/sh;
			shellScript = "\"${SRCROOT}/Pods/Target Support Files/Pods-ASCollectionViewTests/Pods-ASCollectionViewTests-resources.sh\"\n";
			showEnvVarsInLog = 0;
		};
/* End PBXShellScriptBuildPhase section */

/* Begin PBXSourcesBuildPhase section */
		A453F75D1C8205EE00A799E0 /* Sources */ = {
			isa = PBXSourcesBuildPhase;
			buildActionMask = 2147483647;
			files = (
				A47511B71D291B3700AED8CE /* ViewController.swift in Sources */,
				A450CB901C8302D900679DAF /* ASCollectionView.swift in Sources */,
				A453F7941C82065F00A799E0 /* ASCollectionViewLayout.swift in Sources */,
				A450CB941C830FE000679DAF /* ASCollectionViewParallaxCell.swift in Sources */,
				A453F7651C8205EE00A799E0 /* AppDelegate.swift in Sources */,
			);
			runOnlyForDeploymentPostprocessing = 0;
		};
		A453F7711C8205EE00A799E0 /* Sources */ = {
			isa = PBXSourcesBuildPhase;
			buildActionMask = 2147483647;
			files = (
				A47531041D4E1D790045D5A3 /* ASCollectionViewLayoutTests.swift in Sources */,
				A47531061D4E2AE90045D5A3 /* ASCollectionViewParallaxCellTests.swift in Sources */,
				A453F77A1C8205EE00A799E0 /* ASCollectionViewTests.swift in Sources */,
			);
			runOnlyForDeploymentPostprocessing = 0;
		};
		A4C3A8071DF4AB0300FC4273 /* Sources */ = {
			isa = PBXSourcesBuildPhase;
			buildActionMask = 2147483647;
			files = (
				A4C3A8191DF4AB2700FC4273 /* ASCollectionViewLayout.swift in Sources */,
				A4C3A81A1DF4AB2700FC4273 /* ASCollectionViewParallaxCell.swift in Sources */,
				A4C3A81B1DF4AB2700FC4273 /* ASCollectionView.swift in Sources */,
			);
			runOnlyForDeploymentPostprocessing = 0;
		};
/* End PBXSourcesBuildPhase section */

/* Begin PBXTargetDependency section */
		A453F7771C8205EE00A799E0 /* PBXTargetDependency */ = {
			isa = PBXTargetDependency;
			target = A453F7601C8205EE00A799E0 /* ASCollectionView */;
			targetProxy = A453F7761C8205EE00A799E0 /* PBXContainerItemProxy */;
		};
		A4C3A8121DF4AB0400FC4273 /* PBXTargetDependency */ = {
			isa = PBXTargetDependency;
			target = A4C3A80B1DF4AB0300FC4273 /* ASCollectionViewFramework */;
			targetProxy = A4C3A8111DF4AB0400FC4273 /* PBXContainerItemProxy */;
		};
/* End PBXTargetDependency section */

/* Begin PBXVariantGroup section */
		A453F7681C8205EE00A799E0 /* Main.storyboard */ = {
			isa = PBXVariantGroup;
			children = (
				A453F7691C8205EE00A799E0 /* Base */,
			);
			name = Main.storyboard;
			sourceTree = "<group>";
		};
		A453F76D1C8205EE00A799E0 /* LaunchScreen.storyboard */ = {
			isa = PBXVariantGroup;
			children = (
				A453F76E1C8205EE00A799E0 /* Base */,
			);
			name = LaunchScreen.storyboard;
			sourceTree = "<group>";
		};
/* End PBXVariantGroup section */

/* Begin XCBuildConfiguration section */
		A453F7871C8205EE00A799E0 /* Debug */ = {
			isa = XCBuildConfiguration;
			buildSettings = {
				ALWAYS_SEARCH_USER_PATHS = NO;
				CLANG_CXX_LANGUAGE_STANDARD = "gnu++0x";
				CLANG_CXX_LIBRARY = "libc++";
				CLANG_ENABLE_CODE_COVERAGE = YES;
				CLANG_ENABLE_MODULES = YES;
				CLANG_ENABLE_OBJC_ARC = YES;
				CLANG_WARN_BOOL_CONVERSION = YES;
				CLANG_WARN_CONSTANT_CONVERSION = YES;
				CLANG_WARN_DIRECT_OBJC_ISA_USAGE = YES_ERROR;
				CLANG_WARN_EMPTY_BODY = YES;
				CLANG_WARN_ENUM_CONVERSION = YES;
				CLANG_WARN_INFINITE_RECURSION = YES;
				CLANG_WARN_INT_CONVERSION = YES;
				CLANG_WARN_OBJC_ROOT_CLASS = YES_ERROR;
				CLANG_WARN_SUSPICIOUS_MOVE = YES;
				CLANG_WARN_UNREACHABLE_CODE = YES;
				CLANG_WARN__DUPLICATE_METHOD_MATCH = YES;
				"CODE_SIGN_IDENTITY[sdk=iphoneos*]" = "iPhone Developer";
				COPY_PHASE_STRIP = NO;
				DEBUG_INFORMATION_FORMAT = dwarf;
				ENABLE_STRICT_OBJC_MSGSEND = YES;
				ENABLE_TESTABILITY = YES;
				GCC_C_LANGUAGE_STANDARD = gnu99;
				GCC_DYNAMIC_NO_PIC = NO;
				GCC_NO_COMMON_BLOCKS = YES;
				GCC_OPTIMIZATION_LEVEL = 0;
				GCC_PREPROCESSOR_DEFINITIONS = (
					"DEBUG=1",
					"$(inherited)",
				);
				GCC_WARN_64_TO_32_BIT_CONVERSION = YES;
				GCC_WARN_ABOUT_RETURN_TYPE = YES_ERROR;
				GCC_WARN_UNDECLARED_SELECTOR = YES;
				GCC_WARN_UNINITIALIZED_AUTOS = YES_AGGRESSIVE;
				GCC_WARN_UNUSED_FUNCTION = YES;
				GCC_WARN_UNUSED_VARIABLE = YES;
				IPHONEOS_DEPLOYMENT_TARGET = 9.0;
				MTL_ENABLE_DEBUG_INFO = YES;
				ONLY_ACTIVE_ARCH = YES;
				SDKROOT = iphoneos;
				SWIFT_OPTIMIZATION_LEVEL = "-Onone";
				SWIFT_VERSION = 3.0;
				TARGETED_DEVICE_FAMILY = "1,2";
			};
			name = Debug;
		};
		A453F7881C8205EE00A799E0 /* Release */ = {
			isa = XCBuildConfiguration;
			buildSettings = {
				ALWAYS_SEARCH_USER_PATHS = NO;
				CLANG_CXX_LANGUAGE_STANDARD = "gnu++0x";
				CLANG_CXX_LIBRARY = "libc++";
				CLANG_ENABLE_CODE_COVERAGE = YES;
				CLANG_ENABLE_MODULES = YES;
				CLANG_ENABLE_OBJC_ARC = YES;
				CLANG_WARN_BOOL_CONVERSION = YES;
				CLANG_WARN_CONSTANT_CONVERSION = YES;
				CLANG_WARN_DIRECT_OBJC_ISA_USAGE = YES_ERROR;
				CLANG_WARN_EMPTY_BODY = YES;
				CLANG_WARN_ENUM_CONVERSION = YES;
				CLANG_WARN_INFINITE_RECURSION = YES;
				CLANG_WARN_INT_CONVERSION = YES;
				CLANG_WARN_OBJC_ROOT_CLASS = YES_ERROR;
				CLANG_WARN_SUSPICIOUS_MOVE = YES;
				CLANG_WARN_UNREACHABLE_CODE = YES;
				CLANG_WARN__DUPLICATE_METHOD_MATCH = YES;
				"CODE_SIGN_IDENTITY[sdk=iphoneos*]" = "iPhone Developer";
				COPY_PHASE_STRIP = NO;
				DEBUG_INFORMATION_FORMAT = "dwarf-with-dsym";
				ENABLE_NS_ASSERTIONS = NO;
				ENABLE_STRICT_OBJC_MSGSEND = YES;
				GCC_C_LANGUAGE_STANDARD = gnu99;
				GCC_NO_COMMON_BLOCKS = YES;
				GCC_WARN_64_TO_32_BIT_CONVERSION = YES;
				GCC_WARN_ABOUT_RETURN_TYPE = YES_ERROR;
				GCC_WARN_UNDECLARED_SELECTOR = YES;
				GCC_WARN_UNINITIALIZED_AUTOS = YES_AGGRESSIVE;
				GCC_WARN_UNUSED_FUNCTION = YES;
				GCC_WARN_UNUSED_VARIABLE = YES;
				IPHONEOS_DEPLOYMENT_TARGET = 9.0;
				MTL_ENABLE_DEBUG_INFO = NO;
				SDKROOT = iphoneos;
				SWIFT_OPTIMIZATION_LEVEL = "-Owholemodule";
				SWIFT_VERSION = 3.0;
				TARGETED_DEVICE_FAMILY = "1,2";
				VALIDATE_PRODUCT = YES;
			};
			name = Release;
		};
		A453F78A1C8205EE00A799E0 /* Debug */ = {
			isa = XCBuildConfiguration;
			baseConfigurationReference = 7A153B7653C9253B26575EAB /* Pods-ASCollectionView.debug.xcconfig */;
			buildSettings = {
				ALWAYS_EMBED_SWIFT_STANDARD_LIBRARIES = YES;
				ASSETCATALOG_COMPILER_APPICON_NAME = AppIcon;
				INFOPLIST_FILE = ASCollectionView/Info.plist;
				IPHONEOS_DEPLOYMENT_TARGET = 9.0;
				LD_RUNPATH_SEARCH_PATHS = "$(inherited) @executable_path/Frameworks";
				PRODUCT_BUNDLE_IDENTIFIER = com.abdullahselek.ASCollectionView;
				PRODUCT_NAME = "$(TARGET_NAME)";
				SWIFT_VERSION = 3.0;
			};
			name = Debug;
		};
		A453F78B1C8205EE00A799E0 /* Release */ = {
			isa = XCBuildConfiguration;
			baseConfigurationReference = BB1299B1B59881E6E14D0C05 /* Pods-ASCollectionView.release.xcconfig */;
			buildSettings = {
				ALWAYS_EMBED_SWIFT_STANDARD_LIBRARIES = YES;
				ASSETCATALOG_COMPILER_APPICON_NAME = AppIcon;
				INFOPLIST_FILE = ASCollectionView/Info.plist;
				IPHONEOS_DEPLOYMENT_TARGET = 9.0;
				LD_RUNPATH_SEARCH_PATHS = "$(inherited) @executable_path/Frameworks";
				PRODUCT_BUNDLE_IDENTIFIER = com.abdullahselek.ASCollectionView;
				PRODUCT_NAME = "$(TARGET_NAME)";
				SWIFT_VERSION = 3.0;
			};
			name = Release;
		};
		A453F78D1C8205EE00A799E0 /* Debug */ = {
			isa = XCBuildConfiguration;
			baseConfigurationReference = 208A05D1797AC4309A83C830 /* Pods-ASCollectionViewTests.debug.xcconfig */;
			buildSettings = {
				ALWAYS_EMBED_SWIFT_STANDARD_LIBRARIES = YES;
				BUNDLE_LOADER = "$(TEST_HOST)";
				INFOPLIST_FILE = ASCollectionViewTests/Info.plist;
				LD_RUNPATH_SEARCH_PATHS = "$(inherited) @executable_path/Frameworks @loader_path/Frameworks";
				PRODUCT_BUNDLE_IDENTIFIER = com.abdullahselek.ASCollectionViewTests;
				PRODUCT_NAME = "$(TARGET_NAME)";
				SWIFT_VERSION = 3.0;
				TEST_HOST = "$(BUILT_PRODUCTS_DIR)/ASCollectionView.app/ASCollectionView";
			};
			name = Debug;
		};
		A453F78E1C8205EE00A799E0 /* Release */ = {
			isa = XCBuildConfiguration;
			baseConfigurationReference = 527DAE94F049834E79D61069 /* Pods-ASCollectionViewTests.release.xcconfig */;
			buildSettings = {
				ALWAYS_EMBED_SWIFT_STANDARD_LIBRARIES = YES;
				BUNDLE_LOADER = "$(TEST_HOST)";
				INFOPLIST_FILE = ASCollectionViewTests/Info.plist;
				LD_RUNPATH_SEARCH_PATHS = "$(inherited) @executable_path/Frameworks @loader_path/Frameworks";
				PRODUCT_BUNDLE_IDENTIFIER = com.abdullahselek.ASCollectionViewTests;
				PRODUCT_NAME = "$(TARGET_NAME)";
				SWIFT_VERSION = 3.0;
				TEST_HOST = "$(BUILT_PRODUCTS_DIR)/ASCollectionView.app/ASCollectionView";
			};
			name = Release;
		};
		A4C3A8151DF4AB0400FC4273 /* Debug */ = {
			isa = XCBuildConfiguration;
			buildSettings = {
				CLANG_ANALYZER_NONNULL = YES;
				CLANG_WARN_DOCUMENTATION_COMMENTS = YES;
				CLANG_WARN_SUSPICIOUS_MOVES = YES;
				CODE_SIGN_IDENTITY = "";
				CURRENT_PROJECT_VERSION = 1;
				DEFINES_MODULE = YES;
				DYLIB_COMPATIBILITY_VERSION = 1;
				DYLIB_CURRENT_VERSION = 1;
				DYLIB_INSTALL_NAME_BASE = "@rpath";
				INFOPLIST_FILE = ASCollectionViewFramework/Info.plist;
				INSTALL_PATH = "$(LOCAL_LIBRARY_DIR)/Frameworks";
				IPHONEOS_DEPLOYMENT_TARGET = 10.1;
				LD_RUNPATH_SEARCH_PATHS = "$(inherited) @executable_path/Frameworks @loader_path/Frameworks";
				PRODUCT_BUNDLE_IDENTIFIER = com.abdullahselek.ASCollectionViewFramework;
				PRODUCT_NAME = "$(TARGET_NAME)";
				SKIP_INSTALL = YES;
				SWIFT_ACTIVE_COMPILATION_CONDITIONS = DEBUG;
				SWIFT_VERSION = 3.0;
				VERSIONING_SYSTEM = "apple-generic";
				VERSION_INFO_PREFIX = "";
			};
			name = Debug;
		};
		A4C3A8161DF4AB0400FC4273 /* Release */ = {
			isa = XCBuildConfiguration;
			buildSettings = {
				CLANG_ANALYZER_NONNULL = YES;
				CLANG_WARN_DOCUMENTATION_COMMENTS = YES;
				CLANG_WARN_SUSPICIOUS_MOVES = YES;
				CODE_SIGN_IDENTITY = "";
				CURRENT_PROJECT_VERSION = 1;
				DEFINES_MODULE = YES;
				DYLIB_COMPATIBILITY_VERSION = 1;
				DYLIB_CURRENT_VERSION = 1;
				DYLIB_INSTALL_NAME_BASE = "@rpath";
				INFOPLIST_FILE = ASCollectionViewFramework/Info.plist;
				INSTALL_PATH = "$(LOCAL_LIBRARY_DIR)/Frameworks";
				IPHONEOS_DEPLOYMENT_TARGET = 10.1;
				LD_RUNPATH_SEARCH_PATHS = "$(inherited) @executable_path/Frameworks @loader_path/Frameworks";
				PRODUCT_BUNDLE_IDENTIFIER = com.abdullahselek.ASCollectionViewFramework;
				PRODUCT_NAME = "$(TARGET_NAME)";
				SKIP_INSTALL = YES;
				SWIFT_VERSION = 3.0;
				VERSIONING_SYSTEM = "apple-generic";
				VERSION_INFO_PREFIX = "";
			};
			name = Release;
		};
/* End XCBuildConfiguration section */

/* Begin XCConfigurationList section */
		A453F75C1C8205EE00A799E0 /* Build configuration list for PBXProject "ASCollectionView" */ = {
			isa = XCConfigurationList;
			buildConfigurations = (
				A453F7871C8205EE00A799E0 /* Debug */,
				A453F7881C8205EE00A799E0 /* Release */,
			);
			defaultConfigurationIsVisible = 0;
			defaultConfigurationName = Release;
		};
		A453F7891C8205EE00A799E0 /* Build configuration list for PBXNativeTarget "ASCollectionView" */ = {
			isa = XCConfigurationList;
			buildConfigurations = (
				A453F78A1C8205EE00A799E0 /* Debug */,
				A453F78B1C8205EE00A799E0 /* Release */,
			);
			defaultConfigurationIsVisible = 0;
			defaultConfigurationName = Release;
		};
		A453F78C1C8205EE00A799E0 /* Build configuration list for PBXNativeTarget "ASCollectionViewTests" */ = {
			isa = XCConfigurationList;
			buildConfigurations = (
				A453F78D1C8205EE00A799E0 /* Debug */,
				A453F78E1C8205EE00A799E0 /* Release */,
			);
			defaultConfigurationIsVisible = 0;
			defaultConfigurationName = Release;
		};
		A4C3A8171DF4AB0400FC4273 /* Build configuration list for PBXNativeTarget "ASCollectionViewFramework" */ = {
			isa = XCConfigurationList;
			buildConfigurations = (
				A4C3A8151DF4AB0400FC4273 /* Debug */,
				A4C3A8161DF4AB0400FC4273 /* Release */,
			);
			defaultConfigurationIsVisible = 0;
			defaultConfigurationName = Release;
		};
/* End XCConfigurationList section */
	};
	rootObject = A453F7591C8205EE00A799E0 /* Project object */;
}
